
Microsoft Visual Studio Solution File, Format Version 12.00
# Visual Studio Version 17
VisualStudioVersion = 17.8.34309.116
MinimumVisualStudioVersion = 10.0.40219.1
Project("{FAE04EC0-301F-11D3-BF4B-00C04F79EFBC}") = "MongoDbAjaxProject", "MongoDbAjaxProject\MongoDbAjaxProject.csproj", "{2E5BE9E7-3CBA-4268-B752-24BF510C7380}"
EndProject
Global
	GlobalSection(SolutionConfigurationPlatforms) = preSolution
		Debug|Any CPU = Debug|Any CPU
		Release|Any CPU = Release|Any CPU
	EndGlobalSection
	GlobalSection(ProjectConfigurationPlatforms) = postSolution
		{2E5BE9E7-3CBA-4268-B752-24BF510C7380}.Debug|Any CPU.ActiveCfg = Debug|Any CPU
		{2E5BE9E7-3CBA-4268-B752-24BF510C7380}.Debug|Any CPU.Build.0 = Debug|Any CPU
		{2E5BE9E7-3CBA-4268-B752-24BF510C7380}.Release|Any CPU.ActiveCfg = Release|Any CPU
		{2E5BE9E7-3CBA-4268-B752-24BF510C7380}.Release|Any CPU.Build.0 = Release|Any CPU
	EndGlobalSection
	GlobalSection(SolutionProperties) = preSolution
		HideSolutionNode = FALSE
	EndGlobalSection
	GlobalSection(ExtensibilityGlobals) = postSolution
		SolutionGuid = {D16D6702-36E2-4F48-A0FD-BBDEB6A59FD5}
	EndGlobalSection
EndGlobal
